
Microsoft Visual Studio Solution File, Format Version 12.00
# Visual Studio Version 16
VisualStudioVersion = 16.0.34601.136
MinimumVisualStudioVersion = 10.0.40219.1
Project("{FAE04EC0-301F-11D3-BF4B-00C04F79EFBC}") = "Speedrun CSharp", "Speedrun CSharp\Speedrun CSharp.csproj", "{FE801ED5-43AE-4CB6-9145-FEB264414408}"
EndProject
Global
	GlobalSection(SolutionConfigurationPlatforms) = preSolution
		Debug|Any CPU = Debug|Any CPU
		Release|Any CPU = Release|Any CPU
	EndGlobalSection
	GlobalSection(ProjectConfigurationPlatforms) = postSolution
		{FE801ED5-43AE-4CB6-9145-FEB264414408}.Debug|Any CPU.ActiveCfg = Debug|Any CPU
		{FE801ED5-43AE-4CB6-9145-FEB264414408}.Debug|Any CPU.Build.0 = Debug|Any CPU
		{FE801ED5-43AE-4CB6-9145-FEB264414408}.Release|Any CPU.ActiveCfg = Release|Any CPU
		{FE801ED5-43AE-4CB6-9145-FEB264414408}.Release|Any CPU.Build.0 = Release|Any CPU
	EndGlobalSection
	GlobalSection(SolutionProperties) = preSolution
		HideSolutionNode = FALSE
	EndGlobalSection
	GlobalSection(ExtensibilityGlobals) = postSolution
		SolutionGuid = {3C456BE5-9801-4A7A-92B4-822100ECCA5F}
	EndGlobalSection
EndGlobal
